{
  "name": "aftersale",
  "lockfileVersion": 3,
  "requires": true,
  "packages": {
    "": {
      "dependencies": {
        "ng-tags-input": "^3.2.0"
      }
    },
    "node_modules/ng-tags-input": {
      "version": "3.2.0",
      "resolved": "https://registry.npmjs.org/ng-tags-input/-/ng-tags-input-3.2.0.tgz",
      "integrity": "sha512-S8G1Le6Nag21bJsFu+rStwQKojy6GHaTG/3jXvq1hSJE/VcXieaBu/IuUZh9pS1RhaNLTCELeqjjPrMn4OJZ+g=="
    }
  }
}
